
Microsoft Visual Studio Solution File, Format Version 12.00
# Visual Studio 15
VisualStudioVersion = 15.0.28307.852
MinimumVisualStudioVersion = 10.0.40219.1
Project("{FAE04EC0-301F-11D3-BF4B-00C04F79EFBC}") = "DiziYadir", "DiziYadir\DiziYadir.csproj", "{10016AE5-F210-4DBB-B1A7-5E1523E4D6A2}"
EndProject
Global
	GlobalSection(SolutionConfigurationPlatforms) = preSolution
		Debug|Any CPU = Debug|Any CPU
		Release|Any CPU = Release|Any CPU
	EndGlobalSection
	GlobalSection(ProjectConfigurationPlatforms) = postSolution
		{10016AE5-F210-4DBB-B1A7-5E1523E4D6A2}.Debug|Any CPU.ActiveCfg = Debug|Any CPU
		{10016AE5-F210-4DBB-B1A7-5E1523E4D6A2}.Debug|Any CPU.Build.0 = Debug|Any CPU
		{10016AE5-F210-4DBB-B1A7-5E1523E4D6A2}.Release|Any CPU.ActiveCfg = Release|Any CPU
		{10016AE5-F210-4DBB-B1A7-5E1523E4D6A2}.Release|Any CPU.Build.0 = Release|Any CPU
	EndGlobalSection
	GlobalSection(SolutionProperties) = preSolution
		HideSolutionNode = FALSE
	EndGlobalSection
	GlobalSection(ExtensibilityGlobals) = postSolution
		SolutionGuid = {43700C8E-A251-465A-9BF6-65A9C7981CBB}
	EndGlobalSection
EndGlobal
