
Microsoft Visual Studio Solution File, Format Version 12.00
# Visual Studio 15
VisualStudioVersion = 15.0.28307.960
MinimumVisualStudioVersion = 10.0.40219.1
Project("{FAE04EC0-301F-11D3-BF4B-00C04F79EFBC}") = "Abstract1", "Abstract1\Abstract1.csproj", "{36F9DD1F-BD3E-4E9D-AA33-FEBF9D1B1AD1}"
EndProject
Global
	GlobalSection(SolutionConfigurationPlatforms) = preSolution
		Debug|Any CPU = Debug|Any CPU
		Release|Any CPU = Release|Any CPU
	EndGlobalSection
	GlobalSection(ProjectConfigurationPlatforms) = postSolution
		{36F9DD1F-BD3E-4E9D-AA33-FEBF9D1B1AD1}.Debug|Any CPU.ActiveCfg = Debug|Any CPU
		{36F9DD1F-BD3E-4E9D-AA33-FEBF9D1B1AD1}.Debug|Any CPU.Build.0 = Debug|Any CPU
		{36F9DD1F-BD3E-4E9D-AA33-FEBF9D1B1AD1}.Release|Any CPU.ActiveCfg = Release|Any CPU
		{36F9DD1F-BD3E-4E9D-AA33-FEBF9D1B1AD1}.Release|Any CPU.Build.0 = Release|Any CPU
	EndGlobalSection
	GlobalSection(SolutionProperties) = preSolution
		HideSolutionNode = FALSE
	EndGlobalSection
	GlobalSection(ExtensibilityGlobals) = postSolution
		SolutionGuid = {B1C5ACF4-F9A4-4EBA-842A-F1137036C50D}
	EndGlobalSection
EndGlobal
