
Microsoft Visual Studio Solution File, Format Version 12.00
# Visual Studio Version 16
VisualStudioVersion = 16.0.29613.14
MinimumVisualStudioVersion = 10.0.40219.1
Project("{FAE04EC0-301F-11D3-BF4B-00C04F79EFBC}") = "Oyuncu", "Oyuncu\Oyuncu.csproj", "{15566F09-E458-4816-BBA6-FFFF6740142C}"
EndProject
Global
	GlobalSection(SolutionConfigurationPlatforms) = preSolution
		Debug|Any CPU = Debug|Any CPU
		Release|Any CPU = Release|Any CPU
	EndGlobalSection
	GlobalSection(ProjectConfigurationPlatforms) = postSolution
		{15566F09-E458-4816-BBA6-FFFF6740142C}.Debug|Any CPU.ActiveCfg = Debug|Any CPU
		{15566F09-E458-4816-BBA6-FFFF6740142C}.Debug|Any CPU.Build.0 = Debug|Any CPU
		{15566F09-E458-4816-BBA6-FFFF6740142C}.Release|Any CPU.ActiveCfg = Release|Any CPU
		{15566F09-E458-4816-BBA6-FFFF6740142C}.Release|Any CPU.Build.0 = Release|Any CPU
	EndGlobalSection
	GlobalSection(SolutionProperties) = preSolution
		HideSolutionNode = FALSE
	EndGlobalSection
	GlobalSection(ExtensibilityGlobals) = postSolution
		SolutionGuid = {03672F84-5F97-4502-A4BD-B27D78566DB3}
	EndGlobalSection
EndGlobal
