
Microsoft Visual Studio Solution File, Format Version 12.00
# Visual Studio 15
VisualStudioVersion = 15.0.28307.960
MinimumVisualStudioVersion = 10.0.40219.1
Project("{FAE04EC0-301F-11D3-BF4B-00C04F79EFBC}") = "OverridePolymorphism2", "OverridePolymorphism2\OverridePolymorphism2.csproj", "{C39D8547-6221-476D-95EB-B6CA0BA042C9}"
EndProject
Global
	GlobalSection(SolutionConfigurationPlatforms) = preSolution
		Debug|Any CPU = Debug|Any CPU
		Release|Any CPU = Release|Any CPU
	EndGlobalSection
	GlobalSection(ProjectConfigurationPlatforms) = postSolution
		{C39D8547-6221-476D-95EB-B6CA0BA042C9}.Debug|Any CPU.ActiveCfg = Debug|Any CPU
		{C39D8547-6221-476D-95EB-B6CA0BA042C9}.Debug|Any CPU.Build.0 = Debug|Any CPU
		{C39D8547-6221-476D-95EB-B6CA0BA042C9}.Release|Any CPU.ActiveCfg = Release|Any CPU
		{C39D8547-6221-476D-95EB-B6CA0BA042C9}.Release|Any CPU.Build.0 = Release|Any CPU
	EndGlobalSection
	GlobalSection(SolutionProperties) = preSolution
		HideSolutionNode = FALSE
	EndGlobalSection
	GlobalSection(ExtensibilityGlobals) = postSolution
		SolutionGuid = {9925C8EC-4C4F-408D-9A55-2362B97F5E34}
	EndGlobalSection
EndGlobal
