
Microsoft Visual Studio Solution File, Format Version 12.00
# Visual Studio 15
VisualStudioVersion = 15.0.28307.902
MinimumVisualStudioVersion = 10.0.40219.1
Project("{FAE04EC0-301F-11D3-BF4B-00C04F79EFBC}") = "Fabrika", "Fabrika\Fabrika.csproj", "{D90144C5-29B2-49F0-B81A-FFC2044185A4}"
EndProject
Global
	GlobalSection(SolutionConfigurationPlatforms) = preSolution
		Debug|Any CPU = Debug|Any CPU
		Release|Any CPU = Release|Any CPU
	EndGlobalSection
	GlobalSection(ProjectConfigurationPlatforms) = postSolution
		{D90144C5-29B2-49F0-B81A-FFC2044185A4}.Debug|Any CPU.ActiveCfg = Debug|Any CPU
		{D90144C5-29B2-49F0-B81A-FFC2044185A4}.Debug|Any CPU.Build.0 = Debug|Any CPU
		{D90144C5-29B2-49F0-B81A-FFC2044185A4}.Release|Any CPU.ActiveCfg = Release|Any CPU
		{D90144C5-29B2-49F0-B81A-FFC2044185A4}.Release|Any CPU.Build.0 = Release|Any CPU
	EndGlobalSection
	GlobalSection(SolutionProperties) = preSolution
		HideSolutionNode = FALSE
	EndGlobalSection
	GlobalSection(ExtensibilityGlobals) = postSolution
		SolutionGuid = {2C2BC6CF-A665-4BBA-9A5D-372DB304BAE5}
	EndGlobalSection
EndGlobal
