
Microsoft Visual Studio Solution File, Format Version 12.00
# Visual Studio 15
VisualStudioVersion = 15.0.28307.902
MinimumVisualStudioVersion = 10.0.40219.1
Project("{FAE04EC0-301F-11D3-BF4B-00C04F79EFBC}") = "NoktaKenar", "NoktaKenar\NoktaKenar.csproj", "{689F5FAA-A6DE-4752-8A0E-12BC81A05BD4}"
EndProject
Global
	GlobalSection(SolutionConfigurationPlatforms) = preSolution
		Debug|Any CPU = Debug|Any CPU
		Release|Any CPU = Release|Any CPU
	EndGlobalSection
	GlobalSection(ProjectConfigurationPlatforms) = postSolution
		{689F5FAA-A6DE-4752-8A0E-12BC81A05BD4}.Debug|Any CPU.ActiveCfg = Debug|Any CPU
		{689F5FAA-A6DE-4752-8A0E-12BC81A05BD4}.Debug|Any CPU.Build.0 = Debug|Any CPU
		{689F5FAA-A6DE-4752-8A0E-12BC81A05BD4}.Release|Any CPU.ActiveCfg = Release|Any CPU
		{689F5FAA-A6DE-4752-8A0E-12BC81A05BD4}.Release|Any CPU.Build.0 = Release|Any CPU
	EndGlobalSection
	GlobalSection(SolutionProperties) = preSolution
		HideSolutionNode = FALSE
	EndGlobalSection
	GlobalSection(ExtensibilityGlobals) = postSolution
		SolutionGuid = {019389FA-70DD-4A8D-8B81-7F573FFF618D}
	EndGlobalSection
EndGlobal
