
Microsoft Visual Studio Solution File, Format Version 12.00
# Visual Studio 15
VisualStudioVersion = 15.0.28307.852
MinimumVisualStudioVersion = 10.0.40219.1
Project("{FAE04EC0-301F-11D3-BF4B-00C04F79EFBC}") = "SerbestDusmeHesapla", "SerbestDusmeHesapla\SerbestDusmeHesapla.csproj", "{6966C788-C3A0-4D7A-A16D-A9D1902F0F4C}"
EndProject
Global
	GlobalSection(SolutionConfigurationPlatforms) = preSolution
		Debug|Any CPU = Debug|Any CPU
		Release|Any CPU = Release|Any CPU
	EndGlobalSection
	GlobalSection(ProjectConfigurationPlatforms) = postSolution
		{6966C788-C3A0-4D7A-A16D-A9D1902F0F4C}.Debug|Any CPU.ActiveCfg = Debug|Any CPU
		{6966C788-C3A0-4D7A-A16D-A9D1902F0F4C}.Debug|Any CPU.Build.0 = Debug|Any CPU
		{6966C788-C3A0-4D7A-A16D-A9D1902F0F4C}.Release|Any CPU.ActiveCfg = Release|Any CPU
		{6966C788-C3A0-4D7A-A16D-A9D1902F0F4C}.Release|Any CPU.Build.0 = Release|Any CPU
	EndGlobalSection
	GlobalSection(SolutionProperties) = preSolution
		HideSolutionNode = FALSE
	EndGlobalSection
	GlobalSection(ExtensibilityGlobals) = postSolution
		SolutionGuid = {02F8A8D5-0B24-4474-8E89-7A15D8C30C17}
	EndGlobalSection
EndGlobal
