
Microsoft Visual Studio Solution File, Format Version 12.00
# Visual Studio Version 16
VisualStudioVersion = 16.0.29613.14
MinimumVisualStudioVersion = 10.0.40219.1
Project("{FAE04EC0-301F-11D3-BF4B-00C04F79EFBC}") = "Polymorphism1", "Polymorphism1\Polymorphism1.csproj", "{EE4AC6B3-2179-45FF-8FF1-4E6ACFD25D10}"
EndProject
Global
	GlobalSection(SolutionConfigurationPlatforms) = preSolution
		Debug|Any CPU = Debug|Any CPU
		Release|Any CPU = Release|Any CPU
	EndGlobalSection
	GlobalSection(ProjectConfigurationPlatforms) = postSolution
		{EE4AC6B3-2179-45FF-8FF1-4E6ACFD25D10}.Debug|Any CPU.ActiveCfg = Debug|Any CPU
		{EE4AC6B3-2179-45FF-8FF1-4E6ACFD25D10}.Debug|Any CPU.Build.0 = Debug|Any CPU
		{EE4AC6B3-2179-45FF-8FF1-4E6ACFD25D10}.Release|Any CPU.ActiveCfg = Release|Any CPU
		{EE4AC6B3-2179-45FF-8FF1-4E6ACFD25D10}.Release|Any CPU.Build.0 = Release|Any CPU
	EndGlobalSection
	GlobalSection(SolutionProperties) = preSolution
		HideSolutionNode = FALSE
	EndGlobalSection
	GlobalSection(ExtensibilityGlobals) = postSolution
		SolutionGuid = {02264FDC-C25A-4A79-8F1E-130A7EA0BFAD}
	EndGlobalSection
EndGlobal
