
Microsoft Visual Studio Solution File, Format Version 12.00
# Visual Studio Version 16
VisualStudioVersion = 16.0.29613.14
MinimumVisualStudioVersion = 10.0.40219.1
Project("{FAE04EC0-301F-11D3-BF4B-00C04F79EFBC}") = "CokluInterface", "CokluInterface\CokluInterface.csproj", "{38FA8C0A-3D14-4B09-BD47-9CEDE48B0286}"
EndProject
Global
	GlobalSection(SolutionConfigurationPlatforms) = preSolution
		Debug|Any CPU = Debug|Any CPU
		Release|Any CPU = Release|Any CPU
	EndGlobalSection
	GlobalSection(ProjectConfigurationPlatforms) = postSolution
		{38FA8C0A-3D14-4B09-BD47-9CEDE48B0286}.Debug|Any CPU.ActiveCfg = Debug|Any CPU
		{38FA8C0A-3D14-4B09-BD47-9CEDE48B0286}.Debug|Any CPU.Build.0 = Debug|Any CPU
		{38FA8C0A-3D14-4B09-BD47-9CEDE48B0286}.Release|Any CPU.ActiveCfg = Release|Any CPU
		{38FA8C0A-3D14-4B09-BD47-9CEDE48B0286}.Release|Any CPU.Build.0 = Release|Any CPU
	EndGlobalSection
	GlobalSection(SolutionProperties) = preSolution
		HideSolutionNode = FALSE
	EndGlobalSection
	GlobalSection(ExtensibilityGlobals) = postSolution
		SolutionGuid = {5F694697-53B4-49BF-AB15-F499413F65D7}
	EndGlobalSection
EndGlobal
